// !$*UTF8*$!
{
	archiveVersion = 1;
	classes = {
	};
	objectVersion = 55;
	objects = {

/* Begin PBXBuildFile section */
		3D39F02028F1E47400D21147 /* HypotenuseApp.swift in Sources */ = {isa = PBXBuildFile; fileRef = 3D39F01F28F1E47400D21147 /* HypotenuseApp.swift */; };
		3D39F02228F1E47400D21147 /* ContentView.swift in Sources */ = {isa = PBXBuildFile; fileRef = 3D39F02128F1E47400D21147 /* ContentView.swift */; };
		3D39F02428F1E47500D21147 /* Assets.xcassets in Resources */ = {isa = PBXBuildFile; fileRef = 3D39F02328F1E47500D21147 /* Assets.xcassets */; };
		3D39F02728F1E47500D21147 /* Preview Assets.xcassets in Resources */ = {isa = PBXBuildFile; fileRef = 3D39F02628F1E47500D21147 /* Preview Assets.xcassets */; };
		3D39F03128F1E47500D21147 /* HypotenuseTests.swift in Sources */ = {isa = PBXBuildFile; fileRef = 3D39F03028F1E47500D21147 /* HypotenuseTests.swift */; };
		3D39F03B28F1E47500D21147 /* HypotenuseUITests.swift in Sources */ = {isa = PBXBuildFile; fileRef = 3D39F03A28F1E47500D21147 /* HypotenuseUITests.swift */; };
		3D39F03D28F1E47500D21147 /* HypotenuseUITestsLaunchTests.swift in Sources */ = {isa = PBXBuildFile; fileRef = 3D39F03C28F1E47500D21147 /* HypotenuseUITestsLaunchTests.swift */; };
/* End PBXBuildFile section */

/* Begin PBXContainerItemProxy section */
		3D39F02D28F1E47500D21147 /* PBXContainerItemProxy */ = {
			isa = PBXContainerItemProxy;
			containerPortal = 3D39F01428F1E47400D21147 /* Project object */;
			proxyType = 1;
			remoteGlobalIDString = 3D39F01B28F1E47400D21147;
			remoteInfo = Hypotenuse;
		};
		3D39F03728F1E47500D21147 /* PBXContainerItemProxy */ = {
			isa = PBXContainerItemProxy;
			containerPortal = 3D39F01428F1E47400D21147 /* Project object */;
			proxyType = 1;
			remoteGlobalIDString = 3D39F01B28F1E47400D21147;
			remoteInfo = Hypotenuse;
		};
/* End PBXContainerItemProxy section */

/* Begin PBXFileReference section */
		3D39F01C28F1E47400D21147 /* Hypotenuse.app */ = {isa = PBXFileReference; explicitFileType = wrapper.application; includeInIndex = 0; path = Hypotenuse.app; sourceTree = BUILT_PRODUCTS_DIR; };
		3D39F01F28F1E47400D21147 /* HypotenuseApp.swift */ = {isa = PBXFileReference; lastKnownFileType = sourcecode.swift; path = HypotenuseApp.swift; sourceTree = "<group>"; };
		3D39F02128F1E47400D21147 /* ContentView.swift */ = {isa = PBXFileReference; lastKnownFileType = sourcecode.swift; path = ContentView.swift; sourceTree = "<group>"; };
		3D39F02328F1E47500D21147 /* Assets.xcassets */ = {isa = PBXFileReference; lastKnownFileType = folder.assetcatalog; path = Assets.xcassets; sourceTree = "<group>"; };
		3D39F02628F1E47500D21147 /* Preview Assets.xcassets */ = {isa = PBXFileReference; lastKnownFileType = folder.assetcatalog; path = "Preview Assets.xcassets"; sourceTree = "<group>"; };
		3D39F02C28F1E47500D21147 /* HypotenuseTests.xctest */ = {isa = PBXFileReference; explicitFileType = wrapper.cfbundle; includeInIndex = 0; path = HypotenuseTests.xctest; sourceTree = BUILT_PRODUCTS_DIR; };
		3D39F03028F1E47500D21147 /* HypotenuseTests.swift */ = {isa = PBXFileReference; lastKnownFileType = sourcecode.swift; path = HypotenuseTests.swift; sourceTree = "<group>"; };
		3D39F03628F1E47500D21147 /* HypotenuseUITests.xctest */ = {isa = PBXFileReference; explicitFileType = wrapper.cfbundle; includeInIndex = 0; path = HypotenuseUITests.xctest; sourceTree = BUILT_PRODUCTS_DIR; };
		3D39F03A28F1E47500D21147 /* HypotenuseUITests.swift */ = {isa = PBXFileReference; lastKnownFileType = sourcecode.swift; path = HypotenuseUITests.swift; sourceTree = "<group>"; };
		3D39F03C28F1E47500D21147 /* HypotenuseUITestsLaunchTests.swift */ = {isa = PBXFileReference; lastKnownFileType = sourcecode.swift; path = HypotenuseUITestsLaunchTests.swift; sourceTree = "<group>"; };
/* End PBXFileReference section */

/* Begin PBXFrameworksBuildPhase section */
		3D39F01928F1E47400D21147 /* Frameworks */ = {
			isa = PBXFrameworksBuildPhase;
			buildActionMask = 2147483647;
			files = (
			);
			runOnlyForDeploymentPostprocessing = 0;
		};
		3D39F02928F1E47500D21147 /* Frameworks */ = {
			isa = PBXFrameworksBuildPhase;
			buildActionMask = 2147483647;
			files = (
			);
			runOnlyForDeploymentPostprocessing = 0;
		};
		3D39F03328F1E47500D21147 /* Frameworks */ = {
			isa = PBXFrameworksBuildPhase;
			buildActionMask = 2147483647;
			files = (
			);
			runOnlyForDeploymentPostprocessing = 0;
		};
/* End PBXFrameworksBuildPhase section */

/* Begin PBXGroup section */
		3D39F01328F1E47400D21147 = {
			isa = PBXGroup;
			children = (
				3D39F01E28F1E47400D21147 /* Hypotenuse */,
				3D39F02F28F1E47500D21147 /* HypotenuseTests */,
				3D39F03928F1E47500D21147 /* HypotenuseUITests */,
				3D39F01D28F1E47400D21147 /* Products */,
			);
			sourceTree = "<group>";
		};
		3D39F01D28F1E47400D21147 /* Products */ = {
			isa = PBXGroup;
			children = (
				3D39F01C28F1E47400D21147 /* Hypotenuse.app */,
				3D39F02C28F1E47500D21147 /* HypotenuseTests.xctest */,
				3D39F03628F1E47500D21147 /* HypotenuseUITests.xctest */,
			);
			name = Products;
			sourceTree = "<group>";
		};
		3D39F01E28F1E47400D21147 /* Hypotenuse */ = {
			isa = PBXGroup;
			children = (
				3D39F01F28F1E47400D21147 /* HypotenuseApp.swift */,
				3D39F02128F1E47400D21147 /* ContentView.swift */,
				3D39F02328F1E47500D21147 /* Assets.xcassets */,
				3D39F02528F1E47500D21147 /* Preview Content */,
			);
			path = Hypotenuse;
			sourceTree = "<group>";
		};
		3D39F02528F1E47500D21147 /* Preview Content */ = {
			isa = PBXGroup;
			children = (
				3D39F02628F1E47500D21147 /* Preview Assets.xcassets */,
			);
			path = "Preview Content";
			sourceTree = "<group>";
		};
		3D39F02F28F1E47500D21147 /* HypotenuseTests */ = {
			isa = PBXGroup;
			children = (
				3D39F03028F1E47500D21147 /* HypotenuseTests.swift */,
			);
			path = HypotenuseTests;
			sourceTree = "<group>";
		};
		3D39F03928F1E47500D21147 /* HypotenuseUITests */ = {
			isa = PBXGroup;
			children = (
				3D39F03A28F1E47500D21147 /* HypotenuseUITests.swift */,
				3D39F03C28F1E47500D21147 /* HypotenuseUITestsLaunchTests.swift */,
			);
			path = HypotenuseUITests;
			sourceTree = "<group>";
		};
/* End PBXGroup section */

/* Begin PBXNativeTarget section */
		3D39F01B28F1E47400D21147 /* Hypotenuse */ = {
			isa = PBXNativeTarget;
			buildConfigurationList = 3D39F04028F1E47500D21147 /* Build configuration list for PBXNativeTarget "Hypotenuse" */;
			buildPhases = (
				3D39F01828F1E47400D21147 /* Sources */,
				3D39F01928F1E47400D21147 /* Frameworks */,
				3D39F01A28F1E47400D21147 /* Resources */,
			);
			buildRules = (
			);
			dependencies = (
			);
			name = Hypotenuse;
			productName = Hypotenuse;
			productReference = 3D39F01C28F1E47400D21147 /* Hypotenuse.app */;
			productType = "com.apple.product-type.application";
		};
		3D39F02B28F1E47500D21147 /* HypotenuseTests */ = {
			isa = PBXNativeTarget;
			buildConfigurationList = 3D39F04328F1E47500D21147 /* Build configuration list for PBXNativeTarget "HypotenuseTests" */;
			buildPhases = (
				3D39F02828F1E47500D21147 /* Sources */,
				3D39F02928F1E47500D21147 /* Frameworks */,
				3D39F02A28F1E47500D21147 /* Resources */,
			);
			buildRules = (
			);
			dependencies = (
				3D39F02E28F1E47500D21147 /* PBXTargetDependency */,
			);
			name = HypotenuseTests;
			productName = HypotenuseTests;
			productReference = 3D39F02C28F1E47500D21147 /* HypotenuseTests.xctest */;
			productType = "com.apple.product-type.bundle.unit-test";
		};
		3D39F03528F1E47500D21147 /* HypotenuseUITests */ = {
			isa = PBXNativeTarget;
			buildConfigurationList = 3D39F04628F1E47500D21147 /* Build configuration list for PBXNativeTarget "HypotenuseUITests" */;
			buildPhases = (
				3D39F03228F1E47500D21147 /* Sources */,
				3D39F03328F1E47500D21147 /* Frameworks */,
				3D39F03428F1E47500D21147 /* Resources */,
			);
			buildRules = (
			);
			dependencies = (
				3D39F03828F1E47500D21147 /* PBXTargetDependency */,
			);
			name = HypotenuseUITests;
			productName = HypotenuseUITests;
			productReference = 3D39F03628F1E47500D21147 /* HypotenuseUITests.xctest */;
			productType = "com.apple.product-type.bundle.ui-testing";
		};
/* End PBXNativeTarget section */

/* Begin PBXProject section */
		3D39F01428F1E47400D21147 /* Project object */ = {
			isa = PBXProject;
			attributes = {
				BuildIndependentTargetsInParallel = 1;
				LastSwiftUpdateCheck = 1340;
				LastUpgradeCheck = 1340;
				TargetAttributes = {
					3D39F01B28F1E47400D21147 = {
						CreatedOnToolsVersion = 13.4.1;
					};
					3D39F02B28F1E47500D21147 = {
						CreatedOnToolsVersion = 13.4.1;
						TestTargetID = 3D39F01B28F1E47400D21147;
					};
					3D39F03528F1E47500D21147 = {
						CreatedOnToolsVersion = 13.4.1;
						TestTargetID = 3D39F01B28F1E47400D21147;
					};
				};
			};
			buildConfigurationList = 3D39F01728F1E47400D21147 /* Build configuration list for PBXProject "Hypotenuse" */;
			compatibilityVersion = "Xcode 13.0";
			developmentRegion = en;
			hasScannedForEncodings = 0;
			knownRegions = (
				en,
				Base,
			);
			mainGroup = 3D39F01328F1E47400D21147;
			productRefGroup = 3D39F01D28F1E47400D21147 /* Products */;
			projectDirPath = "";
			projectRoot = "";
			targets = (
				3D39F01B28F1E47400D21147 /* Hypotenuse */,
				3D39F02B28F1E47500D21147 /* HypotenuseTests */,
				3D39F03528F1E47500D21147 /* HypotenuseUITests */,
			);
		};
/* End PBXProject section */

/* Begin PBXResourcesBuildPhase section */
		3D39F01A28F1E47400D21147 /* Resources */ = {
			isa = PBXResourcesBuildPhase;
			buildActionMask = 2147483647;
			files = (
				3D39F02728F1E47500D21147 /* Preview Assets.xcassets in Resources */,
				3D39F02428F1E47500D21147 /* Assets.xcassets in Resources */,
			);
			runOnlyForDeploymentPostprocessing = 0;
		};
		3D39F02A28F1E47500D21147 /* Resources */ = {
			isa = PBXResourcesBuildPhase;
			buildActionMask = 2147483647;
			files = (
			);
			runOnlyForDeploymentPostprocessing = 0;
		};
		3D39F03428F1E47500D21147 /* Resources */ = {
			isa = PBXResourcesBuildPhase;
			buildActionMask = 2147483647;
			files = (
			);
			runOnlyForDeploymentPostprocessing = 0;
		};
/* End PBXResourcesBuildPhase section */

/* Begin PBXSourcesBuildPhase section */
		3D39F01828F1E47400D21147 /* Sources */ = {
			isa = PBXSourcesBuildPhase;
			buildActionMask = 2147483647;
			files = (
				3D39F02228F1E47400D21147 /* ContentView.swift in Sources */,
				3D39F02028F1E47400D21147 /* HypotenuseApp.swift in Sources */,
			);
			runOnlyForDeploymentPostprocessing = 0;
		};
		3D39F02828F1E47500D21147 /* Sources */ = {
			isa = PBXSourcesBuildPhase;
			buildActionMask = 2147483647;
			files = (
				3D39F03128F1E47500D21147 /* HypotenuseTests.swift in Sources */,
			);
			runOnlyForDeploymentPostprocessing = 0;
		};
		3D39F03228F1E47500D21147 /* Sources */ = {
			isa = PBXSourcesBuildPhase;
			buildActionMask = 2147483647;
			files = (
				3D39F03D28F1E47500D21147 /* HypotenuseUITestsLaunchTests.swift in Sources */,
				3D39F03B28F1E47500D21147 /* HypotenuseUITests.swift in Sources */,
			);
			runOnlyForDeploymentPostprocessing = 0;
		};
/* End PBXSourcesBuildPhase section */

/* Begin PBXTargetDependency section */
		3D39F02E28F1E47500D21147 /* PBXTargetDependency */ = {
			isa = PBXTargetDependency;
			target = 3D39F01B28F1E47400D21147 /* Hypotenuse */;
			targetProxy = 3D39F02D28F1E47500D21147 /* PBXContainerItemProxy */;
		};
		3D39F03828F1E47500D21147 /* PBXTargetDependency */ = {
			isa = PBXTargetDependency;
			target = 3D39F01B28F1E47400D21147 /* Hypotenuse */;
			targetProxy = 3D39F03728F1E47500D21147 /* PBXContainerItemProxy */;
		};
/* End PBXTargetDependency section */

/* Begin XCBuildConfiguration section */
		3D39F03E28F1E47500D21147 /* Debug */ = {
			isa = XCBuildConfiguration;
			buildSettings = {
				ALWAYS_SEARCH_USER_PATHS = NO;
				CLANG_ANALYZER_NONNULL = YES;
				CLANG_ANALYZER_NUMBER_OBJECT_CONVERSION = YES_AGGRESSIVE;
				CLANG_CXX_LANGUAGE_STANDARD = "gnu++17";
				CLANG_ENABLE_MODULES = YES;
				CLANG_ENABLE_OBJC_ARC = YES;
				CLANG_ENABLE_OBJC_WEAK = YES;
				CLANG_WARN_BLOCK_CAPTURE_AUTORELEASING = YES;
				CLANG_WARN_BOOL_CONVERSION = YES;
				CLANG_WARN_COMMA = YES;
				CLANG_WARN_CONSTANT_CONVERSION = YES;
				CLANG_WARN_DEPRECATED_OBJC_IMPLEMENTATIONS = YES;
				CLANG_WARN_DIRECT_OBJC_ISA_USAGE = YES_ERROR;
				CLANG_WARN_DOCUMENTATION_COMMENTS = YES;
				CLANG_WARN_EMPTY_BODY = YES;
				CLANG_WARN_ENUM_CONVERSION = YES;
				CLANG_WARN_INFINITE_RECURSION = YES;
				CLANG_WARN_INT_CONVERSION = YES;
				CLANG_WARN_NON_LITERAL_NULL_CONVERSION = YES;
				CLANG_WARN_OBJC_IMPLICIT_RETAIN_SELF = YES;
				CLANG_WARN_OBJC_LITERAL_CONVERSION = YES;
				CLANG_WARN_OBJC_ROOT_CLASS = YES_ERROR;
				CLANG_WARN_QUOTED_INCLUDE_IN_FRAMEWORK_HEADER = YES;
				CLANG_WARN_RANGE_LOOP_ANALYSIS = YES;
				CLANG_WARN_STRICT_PROTOTYPES = YES;
				CLANG_WARN_SUSPICIOUS_MOVE = YES;
				CLANG_WARN_UNGUARDED_AVAILABILITY = YES_AGGRESSIVE;
				CLANG_WARN_UNREACHABLE_CODE = YES;
				CLANG_WARN__DUPLICATE_METHOD_MATCH = YES;
				COPY_PHASE_STRIP = NO;
				DEBUG_INFORMATION_FORMAT = dwarf;
				ENABLE_STRICT_OBJC_MSGSEND = YES;
				ENABLE_TESTABILITY = YES;
				GCC_C_LANGUAGE_STANDARD = gnu11;
				GCC_DYNAMIC_NO_PIC = NO;
				GCC_NO_COMMON_BLOCKS = YES;
				GCC_OPTIMIZATION_LEVEL = 0;
				GCC_PREPROCESSOR_DEFINITIONS = (
					"DEBUG=1",
					"$(inherited)",
				);
				GCC_WARN_64_TO_32_BIT_CONVERSION = YES;
				GCC_WARN_ABOUT_RETURN_TYPE = YES_ERROR;
				GCC_WARN_UNDECLARED_SELECTOR = YES;
				GCC_WARN_UNINITIALIZED_AUTOS = YES_AGGRESSIVE;
				GCC_WARN_UNUSED_FUNCTION = YES;
				GCC_WARN_UNUSED_VARIABLE = YES;
				IPHONEOS_DEPLOYMENT_TARGET = 15.5;
				MTL_ENABLE_DEBUG_INFO = INCLUDE_SOURCE;
				MTL_FAST_MATH = YES;
				ONLY_ACTIVE_ARCH = YES;
				SDKROOT = iphoneos;
				SWIFT_ACTIVE_COMPILATION_CONDITIONS = DEBUG;
				SWIFT_OPTIMIZATION_LEVEL = "-Onone";
			};
			name = Debug;
		};
		3D39F03F28F1E47500D21147 /* Release */ = {
			isa = XCBuildConfiguration;
			buildSettings = {
				ALWAYS_SEARCH_USER_PATHS = NO;
				CLANG_ANALYZER_NONNULL = YES;
				CLANG_ANALYZER_NUMBER_OBJECT_CONVERSION = YES_AGGRESSIVE;
				CLANG_CXX_LANGUAGE_STANDARD = "gnu++17";
				CLANG_ENABLE_MODULES = YES;
				CLANG_ENABLE_OBJC_ARC = YES;
				CLANG_ENABLE_OBJC_WEAK = YES;
				CLANG_WARN_BLOCK_CAPTURE_AUTORELEASING = YES;
				CLANG_WARN_BOOL_CONVERSION = YES;
				CLANG_WARN_COMMA = YES;
				CLANG_WARN_CONSTANT_CONVERSION = YES;
				CLANG_WARN_DEPRECATED_OBJC_IMPLEMENTATIONS = YES;
				CLANG_WARN_DIRECT_OBJC_ISA_USAGE = YES_ERROR;
				CLANG_WARN_DOCUMENTATION_COMMENTS = YES;
				CLANG_WARN_EMPTY_BODY = YES;
				CLANG_WARN_ENUM_CONVERSION = YES;
				CLANG_WARN_INFINITE_RECURSION = YES;
				CLANG_WARN_INT_CONVERSION = YES;
				CLANG_WARN_NON_LITERAL_NULL_CONVERSION = YES;
				CLANG_WARN_OBJC_IMPLICIT_RETAIN_SELF = YES;
				CLANG_WARN_OBJC_LITERAL_CONVERSION = YES;
				CLANG_WARN_OBJC_ROOT_CLASS = YES_ERROR;
				CLANG_WARN_QUOTED_INCLUDE_IN_FRAMEWORK_HEADER = YES;
				CLANG_WARN_RANGE_LOOP_ANALYSIS = YES;
				CLANG_WARN_STRICT_PROTOTYPES = YES;
				CLANG_WARN_SUSPICIOUS_MOVE = YES;
				CLANG_WARN_UNGUARDED_AVAILABILITY = YES_AGGRESSIVE;
				CLANG_WARN_UNREACHABLE_CODE = YES;
				CLANG_WARN__DUPLICATE_METHOD_MATCH = YES;
				COPY_PHASE_STRIP = NO;
				DEBUG_INFORMATION_FORMAT = "dwarf-with-dsym";
				ENABLE_NS_ASSERTIONS = NO;
				ENABLE_STRICT_OBJC_MSGSEND = YES;
				GCC_C_LANGUAGE_STANDARD = gnu11;
				GCC_NO_COMMON_BLOCKS = YES;
				GCC_WARN_64_TO_32_BIT_CONVERSION = YES;
				GCC_WARN_ABOUT_RETURN_TYPE = YES_ERROR;
				GCC_WARN_UNDECLARED_SELECTOR = YES;
				GCC_WARN_UNINITIALIZED_AUTOS = YES_AGGRESSIVE;
				GCC_WARN_UNUSED_FUNCTION = YES;
				GCC_WARN_UNUSED_VARIABLE = YES;
				IPHONEOS_DEPLOYMENT_TARGET = 15.5;
				MTL_ENABLE_DEBUG_INFO = NO;
				MTL_FAST_MATH = YES;
				SDKROOT = iphoneos;
				SWIFT_COMPILATION_MODE = wholemodule;
				SWIFT_OPTIMIZATION_LEVEL = "-O";
				VALIDATE_PRODUCT = YES;
			};
			name = Release;
		};
		3D39F04128F1E47500D21147 /* Debug */ = {
			isa = XCBuildConfiguration;
			buildSettings = {
				ASSETCATALOG_COMPILER_APPICON_NAME = AppIcon;
				ASSETCATALOG_COMPILER_GLOBAL_ACCENT_COLOR_NAME = AccentColor;
				CODE_SIGN_STYLE = Automatic;
				CURRENT_PROJECT_VERSION = 1;
				DEVELOPMENT_ASSET_PATHS = "\"Hypotenuse/Preview Content\"";
				DEVELOPMENT_TEAM = ZRZ9UAH99Q;
				ENABLE_PREVIEWS = YES;
				GENERATE_INFOPLIST_FILE = YES;
				INFOPLIST_KEY_UIApplicationSceneManifest_Generation = YES;
				INFOPLIST_KEY_UIApplicationSupportsIndirectInputEvents = YES;
				INFOPLIST_KEY_UILaunchScreen_Generation = YES;
				INFOPLIST_KEY_UISupportedInterfaceOrientations_iPad = "UIInterfaceOrientationPortrait UIInterfaceOrientationPortraitUpsideDown UIInterfaceOrientationLandscapeLeft UIInterfaceOrientationLandscapeRight";
				INFOPLIST_KEY_UISupportedInterfaceOrientations_iPhone = "UIInterfaceOrientationPortrait UIInterfaceOrientationLandscapeLeft UIInterfaceOrientationLandscapeRight";
				LD_RUNPATH_SEARCH_PATHS = (
					"$(inherited)",
					"@executable_path/Frameworks",
				);
				MARKETING_VERSION = 1.0;
				PRODUCT_BUNDLE_IDENTIFIER = com.mailliwi.Hypotenuse;
				PRODUCT_NAME = "$(TARGET_NAME)";
				SWIFT_EMIT_LOC_STRINGS = YES;
				SWIFT_VERSION = 5.0;
				TARGETED_DEVICE_FAMILY = "1,2";
			};
			name = Debug;
		};
		3D39F04228F1E47500D21147 /* Release */ = {
			isa = XCBuildConfiguration;
			buildSettings = {
				ASSETCATALOG_COMPILER_APPICON_NAME = AppIcon;
				ASSETCATALOG_COMPILER_GLOBAL_ACCENT_COLOR_NAME = AccentColor;
				CODE_SIGN_STYLE = Automatic;
				CURRENT_PROJECT_VERSION = 1;
				DEVELOPMENT_ASSET_PATHS = "\"Hypotenuse/Preview Content\"";
				DEVELOPMENT_TEAM = ZRZ9UAH99Q;
				ENABLE_PREVIEWS = YES;
				GENERATE_INFOPLIST_FILE = YES;
				INFOPLIST_KEY_UIApplicationSceneManifest_Generation = YES;
				INFOPLIST_KEY_UIApplicationSupportsIndirectInputEvents = YES;
				INFOPLIST_KEY_UILaunchScreen_Generation = YES;
				INFOPLIST_KEY_UISupportedInterfaceOrientations_iPad = "UIInterfaceOrientationPortrait UIInterfaceOrientationPortraitUpsideDown UIInterfaceOrientationLandscapeLeft UIInterfaceOrientationLandscapeRight";
				INFOPLIST_KEY_UISupportedInterfaceOrientations_iPhone = "UIInterfaceOrientationPortrait UIInterfaceOrientationLandscapeLeft UIInterfaceOrientationLandscapeRight";
				LD_RUNPATH_SEARCH_PATHS = (
					"$(inherited)",
					"@executable_path/Frameworks",
				);
				MARKETING_VERSION = 1.0;
				PRODUCT_BUNDLE_IDENTIFIER = com.mailliwi.Hypotenuse;
				PRODUCT_NAME = "$(TARGET_NAME)";
				SWIFT_EMIT_LOC_STRINGS = YES;
				SWIFT_VERSION = 5.0;
				TARGETED_DEVICE_FAMILY = "1,2";
			};
			name = Release;
		};
		3D39F04428F1E47500D21147 /* Debug */ = {
			isa = XCBuildConfiguration;
			buildSettings = {
				ALWAYS_EMBED_SWIFT_STANDARD_LIBRARIES = YES;
				BUNDLE_LOADER = "$(TEST_HOST)";
				CODE_SIGN_STYLE = Automatic;
				CURRENT_PROJECT_VERSION = 1;
				DEVELOPMENT_TEAM = ZRZ9UAH99Q;
				GENERATE_INFOPLIST_FILE = YES;
				IPHONEOS_DEPLOYMENT_TARGET = 15.5;
				MARKETING_VERSION = 1.0;
				PRODUCT_BUNDLE_IDENTIFIER = com.mailliwi.HypotenuseTests;
				PRODUCT_NAME = "$(TARGET_NAME)";
				SWIFT_EMIT_LOC_STRINGS = NO;
				SWIFT_VERSION = 5.0;
				TARGETED_DEVICE_FAMILY = "1,2";
				TEST_HOST = "$(BUILT_PRODUCTS_DIR)/Hypotenuse.app/Hypotenuse";
			};
			name = Debug;
		};
		3D39F04528F1E47500D21147 /* Release */ = {
			isa = XCBuildConfiguration;
			buildSettings = {
				ALWAYS_EMBED_SWIFT_STANDARD_LIBRARIES = YES;
				BUNDLE_LOADER = "$(TEST_HOST)";
				CODE_SIGN_STYLE = Automatic;
				CURRENT_PROJECT_VERSION = 1;
				DEVELOPMENT_TEAM = ZRZ9UAH99Q;
				GENERATE_INFOPLIST_FILE = YES;
				IPHONEOS_DEPLOYMENT_TARGET = 15.5;
				MARKETING_VERSION = 1.0;
				PRODUCT_BUNDLE_IDENTIFIER = com.mailliwi.HypotenuseTests;
				PRODUCT_NAME = "$(TARGET_NAME)";
				SWIFT_EMIT_LOC_STRINGS = NO;
				SWIFT_VERSION = 5.0;
				TARGETED_DEVICE_FAMILY = "1,2";
				TEST_HOST = "$(BUILT_PRODUCTS_DIR)/Hypotenuse.app/Hypotenuse";
			};
			name = Release;
		};
		3D39F04728F1E47500D21147 /* Debug */ = {
			isa = XCBuildConfiguration;
			buildSettings = {
				ALWAYS_EMBED_SWIFT_STANDARD_LIBRARIES = YES;
				CODE_SIGN_STYLE = Automatic;
				CURRENT_PROJECT_VERSION = 1;
				DEVELOPMENT_TEAM = ZRZ9UAH99Q;
				GENERATE_INFOPLIST_FILE = YES;
				MARKETING_VERSION = 1.0;
				PRODUCT_BUNDLE_IDENTIFIER = com.mailliwi.HypotenuseUITests;
				PRODUCT_NAME = "$(TARGET_NAME)";
				SWIFT_EMIT_LOC_STRINGS = NO;
				SWIFT_VERSION = 5.0;
				TARGETED_DEVICE_FAMILY = "1,2";
				TEST_TARGET_NAME = Hypotenuse;
			};
			name = Debug;
		};
		3D39F04828F1E47500D21147 /* Release */ = {
			isa = XCBuildConfiguration;
			buildSettings = {
				ALWAYS_EMBED_SWIFT_STANDARD_LIBRARIES = YES;
				CODE_SIGN_STYLE = Automatic;
				CURRENT_PROJECT_VERSION = 1;
				DEVELOPMENT_TEAM = ZRZ9UAH99Q;
				GENERATE_INFOPLIST_FILE = YES;
				MARKETING_VERSION = 1.0;
				PRODUCT_BUNDLE_IDENTIFIER = com.mailliwi.HypotenuseUITests;
				PRODUCT_NAME = "$(TARGET_NAME)";
				SWIFT_EMIT_LOC_STRINGS = NO;
				SWIFT_VERSION = 5.0;
				TARGETED_DEVICE_FAMILY = "1,2";
				TEST_TARGET_NAME = Hypotenuse;
			};
			name = Release;
		};
/* End XCBuildConfiguration section */

/* Begin XCConfigurationList section */
		3D39F01728F1E47400D21147 /* Build configuration list for PBXProject "Hypotenuse" */ = {
			isa = XCConfigurationList;
			buildConfigurations = (
				3D39F03E28F1E47500D21147 /* Debug */,
				3D39F03F28F1E47500D21147 /* Release */,
			);
			defaultConfigurationIsVisible = 0;
			defaultConfigurationName = Release;
		};
		3D39F04028F1E47500D21147 /* Build configuration list for PBXNativeTarget "Hypotenuse" */ = {
			isa = XCConfigurationList;
			buildConfigurations = (
				3D39F04128F1E47500D21147 /* Debug */,
				3D39F04228F1E47500D21147 /* Release */,
			);
			defaultConfigurationIsVisible = 0;
			defaultConfigurationName = Release;
		};
		3D39F04328F1E47500D21147 /* Build configuration list for PBXNativeTarget "HypotenuseTests" */ = {
			isa = XCConfigurationList;
			buildConfigurations = (
				3D39F04428F1E47500D21147 /* Debug */,
				3D39F04528F1E47500D21147 /* Release */,
			);
			defaultConfigurationIsVisible = 0;
			defaultConfigurationName = Release;
		};
		3D39F04628F1E47500D21147 /* Build configuration list for PBXNativeTarget "HypotenuseUITests" */ = {
			isa = XCConfigurationList;
			buildConfigurations = (
				3D39F04728F1E47500D21147 /* Debug */,
				3D39F04828F1E47500D21147 /* Release */,
			);
			defaultConfigurationIsVisible = 0;
			defaultConfigurationName = Release;
		};
/* End XCConfigurationList section */
	};
	rootObject = 3D39F01428F1E47400D21147 /* Project object */;
}
